// !$*UTF8*$!
{
	archiveVersion = 1;
	classes = {
	};
	objectVersion = 56;
	objects = {

/* Begin PBXBuildFile section */
		2475C7592D8F248A00CAECF8 /* AppDelegate.swift in Sources */ = {isa = PBXBuildFile; fileRef = 2475C7582D8F248A00CAECF8 /* AppDelegate.swift */; };
		2475C75B2D8F248A00CAECF8 /* SceneDelegate.swift in Sources */ = {isa = PBXBuildFile; fileRef = 2475C75A2D8F248A00CAECF8 /* SceneDelegate.swift */; };
		2475C75D2D8F248A00CAECF8 /* ViewController.swift in Sources */ = {isa = PBXBuildFile; fileRef = 2475C75C2D8F248A00CAECF8 /* ViewController.swift */; };
		2475C7622D8F248B00CAECF8 /* Assets.xcassets in Resources */ = {isa = PBXBuildFile; fileRef = 2475C7612D8F248B00CAECF8 /* Assets.xcassets */; };
		2475C7652D8F248B00CAECF8 /* LaunchScreen.storyboard in Resources */ = {isa = PBXBuildFile; fileRef = 2475C7632D8F248B00CAECF8 /* LaunchScreen.storyboard */; };
		24FBD3832D8F287D006ABCDD /* Models.swift in Sources */ = {isa = PBXBuildFile; fileRef = 24FBD3822D8F287D006ABCDD /* Models.swift */; };
		24FBD3872D8F2C48006ABCDD /* testdata.json in Resources */ = {isa = PBXBuildFile; fileRef = 24FBD3862D8F2C48006ABCDD /* testdata.json */; };
		24FBD38F2D8F3301006ABCDD /* ModelTests.swift in Sources */ = {isa = PBXBuildFile; fileRef = 24FBD38E2D8F3301006ABCDD /* ModelTests.swift */; };
		24FBD3952D8F39EA006ABCDD /* testdata.json in Resources */ = {isa = PBXBuildFile; fileRef = 24FBD3862D8F2C48006ABCDD /* testdata.json */; };
		24FBD39C2D908C78006ABCDD /* ServiceProtocol.swift in Sources */ = {isa = PBXBuildFile; fileRef = 24FBD39B2D908C78006ABCDD /* ServiceProtocol.swift */; };
		24FBD39E2D908C94006ABCDD /* URLSessionService.swift in Sources */ = {isa = PBXBuildFile; fileRef = 24FBD39D2D908C94006ABCDD /* URLSessionService.swift */; };
		24FBD3A12D908CD7006ABCDD /* GenericItemRepository.swift in Sources */ = {isa = PBXBuildFile; fileRef = 24FBD3A02D908CD7006ABCDD /* GenericItemRepository.swift */; };
		24FBD3A42D908CF6006ABCDD /* GenericItemMapper.swift in Sources */ = {isa = PBXBuildFile; fileRef = 24FBD3A32D908CF6006ABCDD /* GenericItemMapper.swift */; };
/* End PBXBuildFile section */

/* Begin PBXContainerItemProxy section */
		24FBD3902D8F3301006ABCDD /* PBXContainerItemProxy */ = {
			isa = PBXContainerItemProxy;
			containerPortal = 2475C74D2D8F248A00CAECF8 /* Project object */;
			proxyType = 1;
			remoteGlobalIDString = 2475C7542D8F248A00CAECF8;
			remoteInfo = LumiformCaseStudy;
		};
/* End PBXContainerItemProxy section */

/* Begin PBXFileReference section */
		2475C7552D8F248A00CAECF8 /* LumiformCaseStudy.app */ = {isa = PBXFileReference; explicitFileType = wrapper.application; includeInIndex = 0; path = LumiformCaseStudy.app; sourceTree = BUILT_PRODUCTS_DIR; };
		2475C7582D8F248A00CAECF8 /* AppDelegate.swift */ = {isa = PBXFileReference; lastKnownFileType = sourcecode.swift; path = AppDelegate.swift; sourceTree = "<group>"; };
		2475C75A2D8F248A00CAECF8 /* SceneDelegate.swift */ = {isa = PBXFileReference; lastKnownFileType = sourcecode.swift; path = SceneDelegate.swift; sourceTree = "<group>"; };
		2475C75C2D8F248A00CAECF8 /* ViewController.swift */ = {isa = PBXFileReference; lastKnownFileType = sourcecode.swift; path = ViewController.swift; sourceTree = "<group>"; };
		2475C7612D8F248B00CAECF8 /* Assets.xcassets */ = {isa = PBXFileReference; lastKnownFileType = folder.assetcatalog; path = Assets.xcassets; sourceTree = "<group>"; };
		2475C7642D8F248B00CAECF8 /* Base */ = {isa = PBXFileReference; lastKnownFileType = file.storyboard; name = Base; path = Base.lproj/LaunchScreen.storyboard; sourceTree = "<group>"; };
		2475C7662D8F248B00CAECF8 /* Info.plist */ = {isa = PBXFileReference; lastKnownFileType = text.plist.xml; path = Info.plist; sourceTree = "<group>"; };
		24FBD3822D8F287D006ABCDD /* Models.swift */ = {isa = PBXFileReference; lastKnownFileType = sourcecode.swift; path = Models.swift; sourceTree = "<group>"; };
		24FBD3862D8F2C48006ABCDD /* testdata.json */ = {isa = PBXFileReference; lastKnownFileType = text.json; path = testdata.json; sourceTree = "<group>"; };
		24FBD38C2D8F3301006ABCDD /* LumiformCaseStudyTests.xctest */ = {isa = PBXFileReference; explicitFileType = wrapper.cfbundle; includeInIndex = 0; path = LumiformCaseStudyTests.xctest; sourceTree = BUILT_PRODUCTS_DIR; };
		24FBD38E2D8F3301006ABCDD /* ModelTests.swift */ = {isa = PBXFileReference; lastKnownFileType = sourcecode.swift; path = ModelTests.swift; sourceTree = "<group>"; };
		24FBD39B2D908C78006ABCDD /* ServiceProtocol.swift */ = {isa = PBXFileReference; lastKnownFileType = sourcecode.swift; path = ServiceProtocol.swift; sourceTree = "<group>"; };
		24FBD39D2D908C94006ABCDD /* URLSessionService.swift */ = {isa = PBXFileReference; lastKnownFileType = sourcecode.swift; path = URLSessionService.swift; sourceTree = "<group>"; };
		24FBD3A02D908CD7006ABCDD /* GenericItemRepository.swift */ = {isa = PBXFileReference; lastKnownFileType = sourcecode.swift; path = GenericItemRepository.swift; sourceTree = "<group>"; };
		24FBD3A32D908CF6006ABCDD /* GenericItemMapper.swift */ = {isa = PBXFileReference; lastKnownFileType = sourcecode.swift; path = GenericItemMapper.swift; sourceTree = "<group>"; };
/* End PBXFileReference section */

/* Begin PBXFrameworksBuildPhase section */
		2475C7522D8F248A00CAECF8 /* Frameworks */ = {
			isa = PBXFrameworksBuildPhase;
			buildActionMask = 2147483647;
			files = (
			);
			runOnlyForDeploymentPostprocessing = 0;
		};
		24FBD3892D8F3301006ABCDD /* Frameworks */ = {
			isa = PBXFrameworksBuildPhase;
			buildActionMask = 2147483647;
			files = (
			);
			runOnlyForDeploymentPostprocessing = 0;
		};
/* End PBXFrameworksBuildPhase section */

/* Begin PBXGroup section */
		2475C74C2D8F248A00CAECF8 = {
			isa = PBXGroup;
			children = (
				2475C7572D8F248A00CAECF8 /* LumiformCaseStudy */,
				24FBD38D2D8F3301006ABCDD /* LumiformCaseStudyTests */,
				2475C7562D8F248A00CAECF8 /* Products */,
			);
			sourceTree = "<group>";
		};
		2475C7562D8F248A00CAECF8 /* Products */ = {
			isa = PBXGroup;
			children = (
				2475C7552D8F248A00CAECF8 /* LumiformCaseStudy.app */,
				24FBD38C2D8F3301006ABCDD /* LumiformCaseStudyTests.xctest */,
			);
			name = Products;
			sourceTree = "<group>";
		};
		2475C7572D8F248A00CAECF8 /* LumiformCaseStudy */ = {
			isa = PBXGroup;
			children = (
				24FBD3A22D908CEE006ABCDD /* Mapper */,
				24FBD39F2D908CB8006ABCDD /* Repository */,
				24FBD39A2D908C6C006ABCDD /* Networking */,
				2475C7582D8F248A00CAECF8 /* AppDelegate.swift */,
				2475C75A2D8F248A00CAECF8 /* SceneDelegate.swift */,
				2475C75C2D8F248A00CAECF8 /* ViewController.swift */,
				2475C7612D8F248B00CAECF8 /* Assets.xcassets */,
				2475C7632D8F248B00CAECF8 /* LaunchScreen.storyboard */,
				2475C7662D8F248B00CAECF8 /* Info.plist */,
				24FBD3822D8F287D006ABCDD /* Models.swift */,
				24FBD3862D8F2C48006ABCDD /* testdata.json */,
			);
			path = LumiformCaseStudy;
			sourceTree = "<group>";
		};
		24FBD38D2D8F3301006ABCDD /* LumiformCaseStudyTests */ = {
			isa = PBXGroup;
			children = (
				24FBD38E2D8F3301006ABCDD /* ModelTests.swift */,
			);
			path = LumiformCaseStudyTests;
			sourceTree = "<group>";
		};
		24FBD39A2D908C6C006ABCDD /* Networking */ = {
			isa = PBXGroup;
			children = (
				24FBD39B2D908C78006ABCDD /* ServiceProtocol.swift */,
				24FBD39D2D908C94006ABCDD /* URLSessionService.swift */,
			);
			path = Networking;
			sourceTree = "<group>";
		};
		24FBD39F2D908CB8006ABCDD /* Repository */ = {
			isa = PBXGroup;
			children = (
				24FBD3A02D908CD7006ABCDD /* GenericItemRepository.swift */,
			);
			path = Repository;
			sourceTree = "<group>";
		};
		24FBD3A22D908CEE006ABCDD /* Mapper */ = {
			isa = PBXGroup;
			children = (
				24FBD3A32D908CF6006ABCDD /* GenericItemMapper.swift */,
			);
			path = Mapper;
			sourceTree = "<group>";
		};
/* End PBXGroup section */

/* Begin PBXNativeTarget section */
		2475C7542D8F248A00CAECF8 /* LumiformCaseStudy */ = {
			isa = PBXNativeTarget;
			buildConfigurationList = 2475C7692D8F248B00CAECF8 /* Build configuration list for PBXNativeTarget "LumiformCaseStudy" */;
			buildPhases = (
				2475C7512D8F248A00CAECF8 /* Sources */,
				2475C7522D8F248A00CAECF8 /* Frameworks */,
				2475C7532D8F248A00CAECF8 /* Resources */,
			);
			buildRules = (
			);
			dependencies = (
			);
			name = LumiformCaseStudy;
			productName = LumiformCaseStudy;
			productReference = 2475C7552D8F248A00CAECF8 /* LumiformCaseStudy.app */;
			productType = "com.apple.product-type.application";
		};
		24FBD38B2D8F3301006ABCDD /* LumiformCaseStudyTests */ = {
			isa = PBXNativeTarget;
			buildConfigurationList = 24FBD3922D8F3301006ABCDD /* Build configuration list for PBXNativeTarget "LumiformCaseStudyTests" */;
			buildPhases = (
				24FBD3882D8F3301006ABCDD /* Sources */,
				24FBD3892D8F3301006ABCDD /* Frameworks */,
				24FBD38A2D8F3301006ABCDD /* Resources */,
			);
			buildRules = (
			);
			dependencies = (
				24FBD3912D8F3301006ABCDD /* PBXTargetDependency */,
			);
			name = LumiformCaseStudyTests;
			productName = LumiformCaseStudyTests;
			productReference = 24FBD38C2D8F3301006ABCDD /* LumiformCaseStudyTests.xctest */;
			productType = "com.apple.product-type.bundle.unit-test";
		};
/* End PBXNativeTarget section */

/* Begin PBXProject section */
		2475C74D2D8F248A00CAECF8 /* Project object */ = {
			isa = PBXProject;
			attributes = {
				BuildIndependentTargetsInParallel = 1;
				LastSwiftUpdateCheck = 1520;
				LastUpgradeCheck = 1520;
				TargetAttributes = {
					2475C7542D8F248A00CAECF8 = {
						CreatedOnToolsVersion = 15.2;
					};
					24FBD38B2D8F3301006ABCDD = {
						CreatedOnToolsVersion = 15.2;
						TestTargetID = 2475C7542D8F248A00CAECF8;
					};
				};
			};
			buildConfigurationList = 2475C7502D8F248A00CAECF8 /* Build configuration list for PBXProject "LumiformCaseStudy" */;
			compatibilityVersion = "Xcode 14.0";
			developmentRegion = en;
			hasScannedForEncodings = 0;
			knownRegions = (
				en,
				Base,
			);
			mainGroup = 2475C74C2D8F248A00CAECF8;
			productRefGroup = 2475C7562D8F248A00CAECF8 /* Products */;
			projectDirPath = "";
			projectRoot = "";
			targets = (
				2475C7542D8F248A00CAECF8 /* LumiformCaseStudy */,
				24FBD38B2D8F3301006ABCDD /* LumiformCaseStudyTests */,
			);
		};
/* End PBXProject section */

/* Begin PBXResourcesBuildPhase section */
		2475C7532D8F248A00CAECF8 /* Resources */ = {
			isa = PBXResourcesBuildPhase;
			buildActionMask = 2147483647;
			files = (
				2475C7652D8F248B00CAECF8 /* LaunchScreen.storyboard in Resources */,
				2475C7622D8F248B00CAECF8 /* Assets.xcassets in Resources */,
				24FBD3872D8F2C48006ABCDD /* testdata.json in Resources */,
			);
			runOnlyForDeploymentPostprocessing = 0;
		};
		24FBD38A2D8F3301006ABCDD /* Resources */ = {
			isa = PBXResourcesBuildPhase;
			buildActionMask = 2147483647;
			files = (
				24FBD3952D8F39EA006ABCDD /* testdata.json in Resources */,
			);
			runOnlyForDeploymentPostprocessing = 0;
		};
/* End PBXResourcesBuildPhase section */

/* Begin PBXSourcesBuildPhase section */
		2475C7512D8F248A00CAECF8 /* Sources */ = {
			isa = PBXSourcesBuildPhase;
			buildActionMask = 2147483647;
			files = (
				2475C75D2D8F248A00CAECF8 /* ViewController.swift in Sources */,
				24FBD39E2D908C94006ABCDD /* URLSessionService.swift in Sources */,
				24FBD3A12D908CD7006ABCDD /* GenericItemRepository.swift in Sources */,
				2475C7592D8F248A00CAECF8 /* AppDelegate.swift in Sources */,
				24FBD3A42D908CF6006ABCDD /* GenericItemMapper.swift in Sources */,
				24FBD39C2D908C78006ABCDD /* ServiceProtocol.swift in Sources */,
				2475C75B2D8F248A00CAECF8 /* SceneDelegate.swift in Sources */,
				24FBD3832D8F287D006ABCDD /* Models.swift in Sources */,
			);
			runOnlyForDeploymentPostprocessing = 0;
		};
		24FBD3882D8F3301006ABCDD /* Sources */ = {
			isa = PBXSourcesBuildPhase;
			buildActionMask = 2147483647;
			files = (
				24FBD38F2D8F3301006ABCDD /* ModelTests.swift in Sources */,
			);
			runOnlyForDeploymentPostprocessing = 0;
		};
/* End PBXSourcesBuildPhase section */

/* Begin PBXTargetDependency section */
		24FBD3912D8F3301006ABCDD /* PBXTargetDependency */ = {
			isa = PBXTargetDependency;
			target = 2475C7542D8F248A00CAECF8 /* LumiformCaseStudy */;
			targetProxy = 24FBD3902D8F3301006ABCDD /* PBXContainerItemProxy */;
		};
/* End PBXTargetDependency section */

/* Begin PBXVariantGroup section */
		2475C7632D8F248B00CAECF8 /* LaunchScreen.storyboard */ = {
			isa = PBXVariantGroup;
			children = (
				2475C7642D8F248B00CAECF8 /* Base */,
			);
			name = LaunchScreen.storyboard;
			sourceTree = "<group>";
		};
/* End PBXVariantGroup section */

/* Begin XCBuildConfiguration section */
		2475C7672D8F248B00CAECF8 /* Debug */ = {
			isa = XCBuildConfiguration;
			buildSettings = {
				ALWAYS_SEARCH_USER_PATHS = NO;
				ASSETCATALOG_COMPILER_GENERATE_SWIFT_ASSET_SYMBOL_EXTENSIONS = YES;
				CLANG_ANALYZER_NONNULL = YES;
				CLANG_ANALYZER_NUMBER_OBJECT_CONVERSION = YES_AGGRESSIVE;
				CLANG_CXX_LANGUAGE_STANDARD = "gnu++20";
				CLANG_ENABLE_MODULES = YES;
				CLANG_ENABLE_OBJC_ARC = YES;
				CLANG_ENABLE_OBJC_WEAK = YES;
				CLANG_WARN_BLOCK_CAPTURE_AUTORELEASING = YES;
				CLANG_WARN_BOOL_CONVERSION = YES;
				CLANG_WARN_COMMA = YES;
				CLANG_WARN_CONSTANT_CONVERSION = YES;
				CLANG_WARN_DEPRECATED_OBJC_IMPLEMENTATIONS = YES;
				CLANG_WARN_DIRECT_OBJC_ISA_USAGE = YES_ERROR;
				CLANG_WARN_DOCUMENTATION_COMMENTS = YES;
				CLANG_WARN_EMPTY_BODY = YES;
				CLANG_WARN_ENUM_CONVERSION = YES;
				CLANG_WARN_INFINITE_RECURSION = YES;
				CLANG_WARN_INT_CONVERSION = YES;
				CLANG_WARN_NON_LITERAL_NULL_CONVERSION = YES;
				CLANG_WARN_OBJC_IMPLICIT_RETAIN_SELF = YES;
				CLANG_WARN_OBJC_LITERAL_CONVERSION = YES;
				CLANG_WARN_OBJC_ROOT_CLASS = YES_ERROR;
				CLANG_WARN_QUOTED_INCLUDE_IN_FRAMEWORK_HEADER = YES;
				CLANG_WARN_RANGE_LOOP_ANALYSIS = YES;
				CLANG_WARN_STRICT_PROTOTYPES = YES;
				CLANG_WARN_SUSPICIOUS_MOVE = YES;
				CLANG_WARN_UNGUARDED_AVAILABILITY = YES_AGGRESSIVE;
				CLANG_WARN_UNREACHABLE_CODE = YES;
				CLANG_WARN__DUPLICATE_METHOD_MATCH = YES;
				COPY_PHASE_STRIP = NO;
				DEBUG_INFORMATION_FORMAT = dwarf;
				ENABLE_STRICT_OBJC_MSGSEND = YES;
				ENABLE_TESTABILITY = YES;
				ENABLE_USER_SCRIPT_SANDBOXING = YES;
				GCC_C_LANGUAGE_STANDARD = gnu17;
				GCC_DYNAMIC_NO_PIC = NO;
				GCC_NO_COMMON_BLOCKS = YES;
				GCC_OPTIMIZATION_LEVEL = 0;
				GCC_PREPROCESSOR_DEFINITIONS = (
					"DEBUG=1",
					"$(inherited)",
				);
				GCC_WARN_64_TO_32_BIT_CONVERSION = YES;
				GCC_WARN_ABOUT_RETURN_TYPE = YES_ERROR;
				GCC_WARN_UNDECLARED_SELECTOR = YES;
				GCC_WARN_UNINITIALIZED_AUTOS = YES_AGGRESSIVE;
				GCC_WARN_UNUSED_FUNCTION = YES;
				GCC_WARN_UNUSED_VARIABLE = YES;
				IPHONEOS_DEPLOYMENT_TARGET = 17.2;
				LOCALIZATION_PREFERS_STRING_CATALOGS = YES;
				MTL_ENABLE_DEBUG_INFO = INCLUDE_SOURCE;
				MTL_FAST_MATH = YES;
				ONLY_ACTIVE_ARCH = YES;
				SDKROOT = iphoneos;
				SWIFT_ACTIVE_COMPILATION_CONDITIONS = "DEBUG $(inherited)";
				SWIFT_OPTIMIZATION_LEVEL = "-Onone";
			};
			name = Debug;
		};
		2475C7682D8F248B00CAECF8 /* Release */ = {
			isa = XCBuildConfiguration;
			buildSettings = {
				ALWAYS_SEARCH_USER_PATHS = NO;
				ASSETCATALOG_COMPILER_GENERATE_SWIFT_ASSET_SYMBOL_EXTENSIONS = YES;
				CLANG_ANALYZER_NONNULL = YES;
				CLANG_ANALYZER_NUMBER_OBJECT_CONVERSION = YES_AGGRESSIVE;
				CLANG_CXX_LANGUAGE_STANDARD = "gnu++20";
				CLANG_ENABLE_MODULES = YES;
				CLANG_ENABLE_OBJC_ARC = YES;
				CLANG_ENABLE_OBJC_WEAK = YES;
				CLANG_WARN_BLOCK_CAPTURE_AUTORELEASING = YES;
				CLANG_WARN_BOOL_CONVERSION = YES;
				CLANG_WARN_COMMA = YES;
				CLANG_WARN_CONSTANT_CONVERSION = YES;
				CLANG_WARN_DEPRECATED_OBJC_IMPLEMENTATIONS = YES;
				CLANG_WARN_DIRECT_OBJC_ISA_USAGE = YES_ERROR;
				CLANG_WARN_DOCUMENTATION_COMMENTS = YES;
				CLANG_WARN_EMPTY_BODY = YES;
				CLANG_WARN_ENUM_CONVERSION = YES;
				CLANG_WARN_INFINITE_RECURSION = YES;
				CLANG_WARN_INT_CONVERSION = YES;
				CLANG_WARN_NON_LITERAL_NULL_CONVERSION = YES;
				CLANG_WARN_OBJC_IMPLICIT_RETAIN_SELF = YES;
				CLANG_WARN_OBJC_LITERAL_CONVERSION = YES;
				CLANG_WARN_OBJC_ROOT_CLASS = YES_ERROR;
				CLANG_WARN_QUOTED_INCLUDE_IN_FRAMEWORK_HEADER = YES;
				CLANG_WARN_RANGE_LOOP_ANALYSIS = YES;
				CLANG_WARN_STRICT_PROTOTYPES = YES;
				CLANG_WARN_SUSPICIOUS_MOVE = YES;
				CLANG_WARN_UNGUARDED_AVAILABILITY = YES_AGGRESSIVE;
				CLANG_WARN_UNREACHABLE_CODE = YES;
				CLANG_WARN__DUPLICATE_METHOD_MATCH = YES;
				COPY_PHASE_STRIP = NO;
				DEBUG_INFORMATION_FORMAT = "dwarf-with-dsym";
				ENABLE_NS_ASSERTIONS = NO;
				ENABLE_STRICT_OBJC_MSGSEND = YES;
				ENABLE_USER_SCRIPT_SANDBOXING = YES;
				GCC_C_LANGUAGE_STANDARD = gnu17;
				GCC_NO_COMMON_BLOCKS = YES;
				GCC_WARN_64_TO_32_BIT_CONVERSION = YES;
				GCC_WARN_ABOUT_RETURN_TYPE = YES_ERROR;
				GCC_WARN_UNDECLARED_SELECTOR = YES;
				GCC_WARN_UNINITIALIZED_AUTOS = YES_AGGRESSIVE;
				GCC_WARN_UNUSED_FUNCTION = YES;
				GCC_WARN_UNUSED_VARIABLE = YES;
				IPHONEOS_DEPLOYMENT_TARGET = 17.2;
				LOCALIZATION_PREFERS_STRING_CATALOGS = YES;
				MTL_ENABLE_DEBUG_INFO = NO;
				MTL_FAST_MATH = YES;
				SDKROOT = iphoneos;
				SWIFT_COMPILATION_MODE = wholemodule;
				VALIDATE_PRODUCT = YES;
			};
			name = Release;
		};
		2475C76A2D8F248B00CAECF8 /* Debug */ = {
			isa = XCBuildConfiguration;
			buildSettings = {
				ASSETCATALOG_COMPILER_APPICON_NAME = AppIcon;
				ASSETCATALOG_COMPILER_GLOBAL_ACCENT_COLOR_NAME = AccentColor;
				CODE_SIGN_STYLE = Automatic;
				CURRENT_PROJECT_VERSION = 1;
				DEVELOPMENT_TEAM = W7KDN9ZT24;
				GENERATE_INFOPLIST_FILE = YES;
				INFOPLIST_FILE = LumiformCaseStudy/Info.plist;
				INFOPLIST_KEY_UIApplicationSupportsIndirectInputEvents = YES;
				INFOPLIST_KEY_UILaunchStoryboardName = LaunchScreen;
				INFOPLIST_KEY_UIMainStoryboardFile = "";
				INFOPLIST_KEY_UISupportedInterfaceOrientations = UIInterfaceOrientationPortrait;
				INFOPLIST_KEY_UISupportedInterfaceOrientations_iPad = "UIInterfaceOrientationLandscapeLeft UIInterfaceOrientationLandscapeRight UIInterfaceOrientationPortrait UIInterfaceOrientationPortraitUpsideDown";
				LD_RUNPATH_SEARCH_PATHS = (
					"$(inherited)",
					"@executable_path/Frameworks",
				);
				MARKETING_VERSION = 1.0;
				PRODUCT_BUNDLE_IDENTIFIER = com.OmarTorres.LumiformCaseStudy;
				PRODUCT_NAME = "$(TARGET_NAME)";
				SUPPORTED_PLATFORMS = "iphoneos iphonesimulator";
				SUPPORTS_MACCATALYST = NO;
				SUPPORTS_MAC_DESIGNED_FOR_IPHONE_IPAD = NO;
				SUPPORTS_XR_DESIGNED_FOR_IPHONE_IPAD = NO;
				SWIFT_EMIT_LOC_STRINGS = YES;
				SWIFT_VERSION = 5.0;
				TARGETED_DEVICE_FAMILY = 1;
			};
			name = Debug;
		};
		2475C76B2D8F248B00CAECF8 /* Release */ = {
			isa = XCBuildConfiguration;
			buildSettings = {
				ASSETCATALOG_COMPILER_APPICON_NAME = AppIcon;
				ASSETCATALOG_COMPILER_GLOBAL_ACCENT_COLOR_NAME = AccentColor;
				CODE_SIGN_STYLE = Automatic;
				CURRENT_PROJECT_VERSION = 1;
				DEVELOPMENT_TEAM = W7KDN9ZT24;
				GENERATE_INFOPLIST_FILE = YES;
				INFOPLIST_FILE = LumiformCaseStudy/Info.plist;
				INFOPLIST_KEY_UIApplicationSupportsIndirectInputEvents = YES;
				INFOPLIST_KEY_UILaunchStoryboardName = LaunchScreen;
				INFOPLIST_KEY_UIMainStoryboardFile = "";
				INFOPLIST_KEY_UISupportedInterfaceOrientations = UIInterfaceOrientationPortrait;
				INFOPLIST_KEY_UISupportedInterfaceOrientations_iPad = "UIInterfaceOrientationLandscapeLeft UIInterfaceOrientationLandscapeRight UIInterfaceOrientationPortrait UIInterfaceOrientationPortraitUpsideDown";
				LD_RUNPATH_SEARCH_PATHS = (
					"$(inherited)",
					"@executable_path/Frameworks",
				);
				MARKETING_VERSION = 1.0;
				PRODUCT_BUNDLE_IDENTIFIER = com.OmarTorres.LumiformCaseStudy;
				PRODUCT_NAME = "$(TARGET_NAME)";
				SUPPORTED_PLATFORMS = "iphoneos iphonesimulator";
				SUPPORTS_MACCATALYST = NO;
				SUPPORTS_MAC_DESIGNED_FOR_IPHONE_IPAD = NO;
				SUPPORTS_XR_DESIGNED_FOR_IPHONE_IPAD = NO;
				SWIFT_EMIT_LOC_STRINGS = YES;
				SWIFT_VERSION = 5.0;
				TARGETED_DEVICE_FAMILY = 1;
			};
			name = Release;
		};
		24FBD3932D8F3301006ABCDD /* Debug */ = {
			isa = XCBuildConfiguration;
			buildSettings = {
				BUNDLE_LOADER = "$(TEST_HOST)";
				CODE_SIGN_STYLE = Automatic;
				CURRENT_PROJECT_VERSION = 1;
				DEVELOPMENT_TEAM = W7KDN9ZT24;
				GENERATE_INFOPLIST_FILE = YES;
				MARKETING_VERSION = 1.0;
				PRODUCT_BUNDLE_IDENTIFIER = com.OmarTorres.LumiformCaseStudyTests;
				PRODUCT_NAME = "$(TARGET_NAME)";
				SWIFT_EMIT_LOC_STRINGS = NO;
				SWIFT_VERSION = 5.0;
				TARGETED_DEVICE_FAMILY = "1,2";
				TEST_HOST = "$(BUILT_PRODUCTS_DIR)/LumiformCaseStudy.app/$(BUNDLE_EXECUTABLE_FOLDER_PATH)/LumiformCaseStudy";
			};
			name = Debug;
		};
		24FBD3942D8F3301006ABCDD /* Release */ = {
			isa = XCBuildConfiguration;
			buildSettings = {
				BUNDLE_LOADER = "$(TEST_HOST)";
				CODE_SIGN_STYLE = Automatic;
				CURRENT_PROJECT_VERSION = 1;
				DEVELOPMENT_TEAM = W7KDN9ZT24;
				GENERATE_INFOPLIST_FILE = YES;
				MARKETING_VERSION = 1.0;
				PRODUCT_BUNDLE_IDENTIFIER = com.OmarTorres.LumiformCaseStudyTests;
				PRODUCT_NAME = "$(TARGET_NAME)";
				SWIFT_EMIT_LOC_STRINGS = NO;
				SWIFT_VERSION = 5.0;
				TARGETED_DEVICE_FAMILY = "1,2";
				TEST_HOST = "$(BUILT_PRODUCTS_DIR)/LumiformCaseStudy.app/$(BUNDLE_EXECUTABLE_FOLDER_PATH)/LumiformCaseStudy";
			};
			name = Release;
		};
/* End XCBuildConfiguration section */

/* Begin XCConfigurationList section */
		2475C7502D8F248A00CAECF8 /* Build configuration list for PBXProject "LumiformCaseStudy" */ = {
			isa = XCConfigurationList;
			buildConfigurations = (
				2475C7672D8F248B00CAECF8 /* Debug */,
				2475C7682D8F248B00CAECF8 /* Release */,
			);
			defaultConfigurationIsVisible = 0;
			defaultConfigurationName = Release;
		};
		2475C7692D8F248B00CAECF8 /* Build configuration list for PBXNativeTarget "LumiformCaseStudy" */ = {
			isa = XCConfigurationList;
			buildConfigurations = (
				2475C76A2D8F248B00CAECF8 /* Debug */,
				2475C76B2D8F248B00CAECF8 /* Release */,
			);
			defaultConfigurationIsVisible = 0;
			defaultConfigurationName = Release;
		};
		24FBD3922D8F3301006ABCDD /* Build configuration list for PBXNativeTarget "LumiformCaseStudyTests" */ = {
			isa = XCConfigurationList;
			buildConfigurations = (
				24FBD3932D8F3301006ABCDD /* Debug */,
				24FBD3942D8F3301006ABCDD /* Release */,
			);
			defaultConfigurationIsVisible = 0;
			defaultConfigurationName = Release;
		};
/* End XCConfigurationList section */
	};
	rootObject = 2475C74D2D8F248A00CAECF8 /* Project object */;
}
